
Microsoft Visual Studio Solution File, Format Version 12.00
# Visual Studio Version 17
VisualStudioVersion = 17.3.32901.215
MinimumVisualStudioVersion = 10.0.40219.1
Project("{FAE04EC0-301F-11D3-BF4B-00C04F79EFBC}") = "ConsoleApp1", "ConsoleApp1\ConsoleApp1.csproj", "{5D1E8A73-5544-4F66-80A7-00CF79EB64D8}"
EndProject
Project("{FAE04EC0-301F-11D3-BF4B-00C04F79EFBC}") = "ConsoleApp2", "ConsoleApp2\ConsoleApp2.csproj", "{A6D564A7-F90B-4BF0-90CC-99D7F0315C20}"
EndProject
Project("{FAE04EC0-301F-11D3-BF4B-00C04F79EFBC}") = "ConsoleApp3", "ConsoleApp3\ConsoleApp3.csproj", "{A24AB0F9-FDC6-40BA-95AA-203E4730A733}"
EndProject
Global
	GlobalSection(SolutionConfigurationPlatforms) = preSolution
		Debug|Any CPU = Debug|Any CPU
		Release|Any CPU = Release|Any CPU
	EndGlobalSection
	GlobalSection(ProjectConfigurationPlatforms) = postSolution
		{5D1E8A73-5544-4F66-80A7-00CF79EB64D8}.Debug|Any CPU.ActiveCfg = Debug|Any CPU
		{5D1E8A73-5544-4F66-80A7-00CF79EB64D8}.Debug|Any CPU.Build.0 = Debug|Any CPU
		{5D1E8A73-5544-4F66-80A7-00CF79EB64D8}.Release|Any CPU.ActiveCfg = Release|Any CPU
		{5D1E8A73-5544-4F66-80A7-00CF79EB64D8}.Release|Any CPU.Build.0 = Release|Any CPU
		{A6D564A7-F90B-4BF0-90CC-99D7F0315C20}.Debug|Any CPU.ActiveCfg = Debug|Any CPU
		{A6D564A7-F90B-4BF0-90CC-99D7F0315C20}.Debug|Any CPU.Build.0 = Debug|Any CPU
		{A6D564A7-F90B-4BF0-90CC-99D7F0315C20}.Release|Any CPU.ActiveCfg = Release|Any CPU
		{A6D564A7-F90B-4BF0-90CC-99D7F0315C20}.Release|Any CPU.Build.0 = Release|Any CPU
		{A24AB0F9-FDC6-40BA-95AA-203E4730A733}.Debug|Any CPU.ActiveCfg = Debug|Any CPU
		{A24AB0F9-FDC6-40BA-95AA-203E4730A733}.Debug|Any CPU.Build.0 = Debug|Any CPU
		{A24AB0F9-FDC6-40BA-95AA-203E4730A733}.Release|Any CPU.ActiveCfg = Release|Any CPU
		{A24AB0F9-FDC6-40BA-95AA-203E4730A733}.Release|Any CPU.Build.0 = Release|Any CPU
	EndGlobalSection
	GlobalSection(SolutionProperties) = preSolution
		HideSolutionNode = FALSE
	EndGlobalSection
	GlobalSection(ExtensibilityGlobals) = postSolution
		SolutionGuid = {1969D234-ADB0-40DC-A135-3375E65EBD2E}
	EndGlobalSection
EndGlobal
